
Microsoft Visual Studio Solution File, Format Version 12.00
# Visual Studio 15
VisualStudioVersion = 15.0.28010.2036
MinimumVisualStudioVersion = 10.0.40219.1
Project("{9A19103F-16F7-4668-BE54-9A1E7A4F7556}") = "DynamicDatafieldAPI", "DynamicDatafieldAPI\DynamicDatafieldAPI.csproj", "{888C725F-F1FE-43AE-A0C8-88A01322B2BC}"
EndProject
Global
	GlobalSection(SolutionConfigurationPlatforms) = preSolution
		Debug|Any CPU = Debug|Any CPU
		Release|Any CPU = Release|Any CPU
	EndGlobalSection
	GlobalSection(ProjectConfigurationPlatforms) = postSolution
		{888C725F-F1FE-43AE-A0C8-88A01322B2BC}.Debug|Any CPU.ActiveCfg = Debug|Any CPU
		{888C725F-F1FE-43AE-A0C8-88A01322B2BC}.Debug|Any CPU.Build.0 = Debug|Any CPU
		{888C725F-F1FE-43AE-A0C8-88A01322B2BC}.Release|Any CPU.ActiveCfg = Release|Any CPU
		{888C725F-F1FE-43AE-A0C8-88A01322B2BC}.Release|Any CPU.Build.0 = Release|Any CPU
	EndGlobalSection
	GlobalSection(SolutionProperties) = preSolution
		HideSolutionNode = FALSE
	EndGlobalSection
	GlobalSection(ExtensibilityGlobals) = postSolution
		SolutionGuid = {F0363F96-447E-4C57-BB57-C8E564AA422F}
	EndGlobalSection
EndGlobal
